
Microsoft Visual Studio Solution File, Format Version 12.00
# Visual Studio Version 17
VisualStudioVersion = 17.9.34723.18
MinimumVisualStudioVersion = 10.0.40219.1
Project("{FAE04EC0-301F-11D3-BF4B-00C04F79EFBC}") = "EntityProjeUygulama", "EntityProjeUygulama.csproj", "{D89549A5-D79D-40C8-B9C6-3DB22D729340}"
EndProject
Global
	GlobalSection(SolutionConfigurationPlatforms) = preSolution
		Debug|Any CPU = Debug|Any CPU
		Release|Any CPU = Release|Any CPU
	EndGlobalSection
	GlobalSection(ProjectConfigurationPlatforms) = postSolution
		{D89549A5-D79D-40C8-B9C6-3DB22D729340}.Debug|Any CPU.ActiveCfg = Debug|Any CPU
		{D89549A5-D79D-40C8-B9C6-3DB22D729340}.Debug|Any CPU.Build.0 = Debug|Any CPU
		{D89549A5-D79D-40C8-B9C6-3DB22D729340}.Release|Any CPU.ActiveCfg = Release|Any CPU
		{D89549A5-D79D-40C8-B9C6-3DB22D729340}.Release|Any CPU.Build.0 = Release|Any CPU
	EndGlobalSection
	GlobalSection(SolutionProperties) = preSolution
		HideSolutionNode = FALSE
	EndGlobalSection
	GlobalSection(ExtensibilityGlobals) = postSolution
		SolutionGuid = {A824D7A4-78F5-41F7-B36D-FAA737381949}
	EndGlobalSection
EndGlobal
